
Microsoft Visual Studio Solution File, Format Version 12.00
# Visual Studio Version 17
VisualStudioVersion = 17.1.32407.343
MinimumVisualStudioVersion = 10.0.40219.1
Project("{9A19103F-16F7-4668-BE54-9A1E7A4F7556}") = "EngineLine", "EngineLine\EngineLine.csproj", "{87BC66A0-21AD-4F74-9DC0-42E387378791}"
EndProject
Project("{9A19103F-16F7-4668-BE54-9A1E7A4F7556}") = "EngineLineLibrary", "EngineLineLibrary\EngineLineLibrary.csproj", "{8685FFD5-9818-4A6B-BC00-5C43C35DBF0D}"
EndProject
Project("{FAE04EC0-301F-11D3-BF4B-00C04F79EFBC}") = "EngineLineTest", "EngineLineTest\EngineLineTest.csproj", "{3218C51A-BB73-4829-A36A-413CC1F21F64}"
EndProject
Global
	GlobalSection(SolutionConfigurationPlatforms) = preSolution
		Debug|Any CPU = Debug|Any CPU
		Release|Any CPU = Release|Any CPU
	EndGlobalSection
	GlobalSection(ProjectConfigurationPlatforms) = postSolution
		{87BC66A0-21AD-4F74-9DC0-42E387378791}.Debug|Any CPU.ActiveCfg = Debug|Any CPU
		{87BC66A0-21AD-4F74-9DC0-42E387378791}.Debug|Any CPU.Build.0 = Debug|Any CPU
		{87BC66A0-21AD-4F74-9DC0-42E387378791}.Release|Any CPU.ActiveCfg = Release|Any CPU
		{87BC66A0-21AD-4F74-9DC0-42E387378791}.Release|Any CPU.Build.0 = Release|Any CPU
		{8685FFD5-9818-4A6B-BC00-5C43C35DBF0D}.Debug|Any CPU.ActiveCfg = Debug|Any CPU
		{8685FFD5-9818-4A6B-BC00-5C43C35DBF0D}.Debug|Any CPU.Build.0 = Debug|Any CPU
		{8685FFD5-9818-4A6B-BC00-5C43C35DBF0D}.Release|Any CPU.ActiveCfg = Release|Any CPU
		{8685FFD5-9818-4A6B-BC00-5C43C35DBF0D}.Release|Any CPU.Build.0 = Release|Any CPU
		{3218C51A-BB73-4829-A36A-413CC1F21F64}.Debug|Any CPU.ActiveCfg = Debug|Any CPU
		{3218C51A-BB73-4829-A36A-413CC1F21F64}.Debug|Any CPU.Build.0 = Debug|Any CPU
		{3218C51A-BB73-4829-A36A-413CC1F21F64}.Release|Any CPU.ActiveCfg = Release|Any CPU
		{3218C51A-BB73-4829-A36A-413CC1F21F64}.Release|Any CPU.Build.0 = Release|Any CPU
	EndGlobalSection
	GlobalSection(SolutionProperties) = preSolution
		HideSolutionNode = FALSE
	EndGlobalSection
	GlobalSection(ExtensibilityGlobals) = postSolution
		SolutionGuid = {F145A29F-2D1D-4D16-A3AC-A54D0C8581FA}
	EndGlobalSection
EndGlobal
